// !$*UTF8*$!
{
	archiveVersion = 1;
	classes = {
	};
	objectVersion = 50;
	objects = {

/* Begin PBXBuildFile section */
		7219212A243A767800743B2D /* Balance.swift in Sources */ = {isa = PBXBuildFile; fileRef = 72192129243A767800743B2D /* Balance.swift */; };
		72663DC42438D7C500F14EFD /* Realm.framework in Frameworks */ = {isa = PBXBuildFile; fileRef = 72663DC22438D7C500F14EFD /* Realm.framework */; };
		72663DC52438D7C500F14EFD /* Realm.framework in Embed Frameworks */ = {isa = PBXBuildFile; fileRef = 72663DC22438D7C500F14EFD /* Realm.framework */; settings = {ATTRIBUTES = (CodeSignOnCopy, RemoveHeadersOnCopy, ); }; };
		72663DC62438D7C500F14EFD /* RealmSwift.framework in Frameworks */ = {isa = PBXBuildFile; fileRef = 72663DC32438D7C500F14EFD /* RealmSwift.framework */; };
		72663DC72438D7C500F14EFD /* RealmSwift.framework in Embed Frameworks */ = {isa = PBXBuildFile; fileRef = 72663DC32438D7C500F14EFD /* RealmSwift.framework */; settings = {ATTRIBUTES = (CodeSignOnCopy, RemoveHeadersOnCopy, ); }; };
		72663DCC2438D81000F14EFD /* DBManager.swift in Sources */ = {isa = PBXBuildFile; fileRef = 72663DCB2438D81000F14EFD /* DBManager.swift */; };
		72811FE92439260B008C2E34 /* CategoryViewController.swift in Sources */ = {isa = PBXBuildFile; fileRef = 72811FE82439260B008C2E34 /* CategoryViewController.swift */; };
		72811FEB24392626008C2E34 /* CategoryDataProvider.swift in Sources */ = {isa = PBXBuildFile; fileRef = 72811FEA24392626008C2E34 /* CategoryDataProvider.swift */; };
		72811FED24392683008C2E34 /* CategoryViewModel.swift in Sources */ = {isa = PBXBuildFile; fileRef = 72811FEC24392683008C2E34 /* CategoryViewModel.swift */; };
		72811FEF2439277E008C2E34 /* CategoryTableViewCell.swift in Sources */ = {isa = PBXBuildFile; fileRef = 72811FEE2439277E008C2E34 /* CategoryTableViewCell.swift */; };
		72A75EF32439F59E00788986 /* TabBarController.swift in Sources */ = {isa = PBXBuildFile; fileRef = 72A75EF22439F59E00788986 /* TabBarController.swift */; };
		72A75EF5243A070600788986 /* ExpenceDataProvider.swift in Sources */ = {isa = PBXBuildFile; fileRef = 72A75EF4243A070600788986 /* ExpenceDataProvider.swift */; };
		72A75EF7243A074200788986 /* ExpenceViewController.swift in Sources */ = {isa = PBXBuildFile; fileRef = 72A75EF6243A074200788986 /* ExpenceViewController.swift */; };
		72A75EF9243A075000788986 /* ExpenceTableViewCell.swift in Sources */ = {isa = PBXBuildFile; fileRef = 72A75EF8243A075000788986 /* ExpenceTableViewCell.swift */; };
		72A75EFB243A095300788986 /* ExpenceViewModel.swift in Sources */ = {isa = PBXBuildFile; fileRef = 72A75EFA243A095300788986 /* ExpenceViewModel.swift */; };
		72B426C0243899D2006A61CC /* AppDelegate.swift in Sources */ = {isa = PBXBuildFile; fileRef = 72B426BF243899D2006A61CC /* AppDelegate.swift */; };
		72B426C2243899D2006A61CC /* SceneDelegate.swift in Sources */ = {isa = PBXBuildFile; fileRef = 72B426C1243899D2006A61CC /* SceneDelegate.swift */; };
		72B426C4243899D2006A61CC /* IncomeViewController.swift in Sources */ = {isa = PBXBuildFile; fileRef = 72B426C3243899D2006A61CC /* IncomeViewController.swift */; };
		72B426C7243899D2006A61CC /* Main.storyboard in Resources */ = {isa = PBXBuildFile; fileRef = 72B426C5243899D2006A61CC /* Main.storyboard */; };
		72B426C9243899D3006A61CC /* Assets.xcassets in Resources */ = {isa = PBXBuildFile; fileRef = 72B426C8243899D3006A61CC /* Assets.xcassets */; };
		72B426CC243899D3006A61CC /* LaunchScreen.storyboard in Resources */ = {isa = PBXBuildFile; fileRef = 72B426CA243899D3006A61CC /* LaunchScreen.storyboard */; };
		72B426D824389D58006A61CC /* Expence.swift in Sources */ = {isa = PBXBuildFile; fileRef = 72B426D724389D58006A61CC /* Expence.swift */; };
		72B426DA24389DD3006A61CC /* Category.swift in Sources */ = {isa = PBXBuildFile; fileRef = 72B426D924389DD3006A61CC /* Category.swift */; };
		72B426DC24389E17006A61CC /* Income.swift in Sources */ = {isa = PBXBuildFile; fileRef = 72B426DB24389E17006A61CC /* Income.swift */; };
		72B426E12438A22F006A61CC /* IncomeDataProvider.swift in Sources */ = {isa = PBXBuildFile; fileRef = 72B426E02438A22F006A61CC /* IncomeDataProvider.swift */; };
		72B426E32438A344006A61CC /* IncomeViewModel.swift in Sources */ = {isa = PBXBuildFile; fileRef = 72B426E22438A344006A61CC /* IncomeViewModel.swift */; };
		72B426E62438A693006A61CC /* IncomeTableViewCell.swift in Sources */ = {isa = PBXBuildFile; fileRef = 72B426E52438A693006A61CC /* IncomeTableViewCell.swift */; };
		72B426E82438A83E006A61CC /* FormatHelper.swift in Sources */ = {isa = PBXBuildFile; fileRef = 72B426E72438A83E006A61CC /* FormatHelper.swift */; };
		72B426EA2438AE50006A61CC /* AddButton.swift in Sources */ = {isa = PBXBuildFile; fileRef = 72B426E92438AE50006A61CC /* AddButton.swift */; };
/* End PBXBuildFile section */

/* Begin PBXCopyFilesBuildPhase section */
		72663DC82438D7C500F14EFD /* Embed Frameworks */ = {
			isa = PBXCopyFilesBuildPhase;
			buildActionMask = 2147483647;
			dstPath = "";
			dstSubfolderSpec = 10;
			files = (
				72663DC72438D7C500F14EFD /* RealmSwift.framework in Embed Frameworks */,
				72663DC52438D7C500F14EFD /* Realm.framework in Embed Frameworks */,
			);
			name = "Embed Frameworks";
			runOnlyForDeploymentPostprocessing = 0;
		};
/* End PBXCopyFilesBuildPhase section */

/* Begin PBXFileReference section */
		72192129243A767800743B2D /* Balance.swift */ = {isa = PBXFileReference; lastKnownFileType = sourcecode.swift; path = Balance.swift; sourceTree = "<group>"; };
		72663DC22438D7C500F14EFD /* Realm.framework */ = {isa = PBXFileReference; lastKnownFileType = wrapper.framework; name = Realm.framework; path = Carthage/Build/iOS/Realm.framework; sourceTree = "<group>"; };
		72663DC32438D7C500F14EFD /* RealmSwift.framework */ = {isa = PBXFileReference; lastKnownFileType = wrapper.framework; name = RealmSwift.framework; path = Carthage/Build/iOS/RealmSwift.framework; sourceTree = "<group>"; };
		72663DCB2438D81000F14EFD /* DBManager.swift */ = {isa = PBXFileReference; lastKnownFileType = sourcecode.swift; path = DBManager.swift; sourceTree = "<group>"; };
		72811FE82439260B008C2E34 /* CategoryViewController.swift */ = {isa = PBXFileReference; lastKnownFileType = sourcecode.swift; path = CategoryViewController.swift; sourceTree = "<group>"; };
		72811FEA24392626008C2E34 /* CategoryDataProvider.swift */ = {isa = PBXFileReference; lastKnownFileType = sourcecode.swift; path = CategoryDataProvider.swift; sourceTree = "<group>"; };
		72811FEC24392683008C2E34 /* CategoryViewModel.swift */ = {isa = PBXFileReference; lastKnownFileType = sourcecode.swift; path = CategoryViewModel.swift; sourceTree = "<group>"; };
		72811FEE2439277E008C2E34 /* CategoryTableViewCell.swift */ = {isa = PBXFileReference; lastKnownFileType = sourcecode.swift; path = CategoryTableViewCell.swift; sourceTree = "<group>"; };
		72A75EF22439F59E00788986 /* TabBarController.swift */ = {isa = PBXFileReference; lastKnownFileType = sourcecode.swift; path = TabBarController.swift; sourceTree = "<group>"; };
		72A75EF4243A070600788986 /* ExpenceDataProvider.swift */ = {isa = PBXFileReference; lastKnownFileType = sourcecode.swift; path = ExpenceDataProvider.swift; sourceTree = "<group>"; };
		72A75EF6243A074200788986 /* ExpenceViewController.swift */ = {isa = PBXFileReference; lastKnownFileType = sourcecode.swift; path = ExpenceViewController.swift; sourceTree = "<group>"; };
		72A75EF8243A075000788986 /* ExpenceTableViewCell.swift */ = {isa = PBXFileReference; lastKnownFileType = sourcecode.swift; path = ExpenceTableViewCell.swift; sourceTree = "<group>"; };
		72A75EFA243A095300788986 /* ExpenceViewModel.swift */ = {isa = PBXFileReference; lastKnownFileType = sourcecode.swift; path = ExpenceViewModel.swift; sourceTree = "<group>"; };
		72B426BC243899D2006A61CC /* EasyFinance.app */ = {isa = PBXFileReference; explicitFileType = wrapper.application; includeInIndex = 0; path = EasyFinance.app; sourceTree = BUILT_PRODUCTS_DIR; };
		72B426BF243899D2006A61CC /* AppDelegate.swift */ = {isa = PBXFileReference; lastKnownFileType = sourcecode.swift; path = AppDelegate.swift; sourceTree = "<group>"; };
		72B426C1243899D2006A61CC /* SceneDelegate.swift */ = {isa = PBXFileReference; lastKnownFileType = sourcecode.swift; path = SceneDelegate.swift; sourceTree = "<group>"; };
		72B426C3243899D2006A61CC /* IncomeViewController.swift */ = {isa = PBXFileReference; lastKnownFileType = sourcecode.swift; path = IncomeViewController.swift; sourceTree = "<group>"; };
		72B426C6243899D2006A61CC /* Base */ = {isa = PBXFileReference; lastKnownFileType = file.storyboard; name = Base; path = Base.lproj/Main.storyboard; sourceTree = "<group>"; };
		72B426C8243899D3006A61CC /* Assets.xcassets */ = {isa = PBXFileReference; lastKnownFileType = folder.assetcatalog; path = Assets.xcassets; sourceTree = "<group>"; };
		72B426CB243899D3006A61CC /* Base */ = {isa = PBXFileReference; lastKnownFileType = file.storyboard; name = Base; path = Base.lproj/LaunchScreen.storyboard; sourceTree = "<group>"; };
		72B426CD243899D3006A61CC /* Info.plist */ = {isa = PBXFileReference; lastKnownFileType = text.plist.xml; path = Info.plist; sourceTree = "<group>"; };
		72B426D724389D58006A61CC /* Expence.swift */ = {isa = PBXFileReference; lastKnownFileType = sourcecode.swift; path = Expence.swift; sourceTree = "<group>"; };
		72B426D924389DD3006A61CC /* Category.swift */ = {isa = PBXFileReference; lastKnownFileType = sourcecode.swift; path = Category.swift; sourceTree = "<group>"; };
		72B426DB24389E17006A61CC /* Income.swift */ = {isa = PBXFileReference; lastKnownFileType = sourcecode.swift; path = Income.swift; sourceTree = "<group>"; };
		72B426E02438A22F006A61CC /* IncomeDataProvider.swift */ = {isa = PBXFileReference; lastKnownFileType = sourcecode.swift; path = IncomeDataProvider.swift; sourceTree = "<group>"; };
		72B426E22438A344006A61CC /* IncomeViewModel.swift */ = {isa = PBXFileReference; lastKnownFileType = sourcecode.swift; path = IncomeViewModel.swift; sourceTree = "<group>"; };
		72B426E52438A693006A61CC /* IncomeTableViewCell.swift */ = {isa = PBXFileReference; lastKnownFileType = sourcecode.swift; path = IncomeTableViewCell.swift; sourceTree = "<group>"; };
		72B426E72438A83E006A61CC /* FormatHelper.swift */ = {isa = PBXFileReference; lastKnownFileType = sourcecode.swift; path = FormatHelper.swift; sourceTree = "<group>"; };
		72B426E92438AE50006A61CC /* AddButton.swift */ = {isa = PBXFileReference; lastKnownFileType = sourcecode.swift; path = AddButton.swift; sourceTree = "<group>"; };
/* End PBXFileReference section */

/* Begin PBXFrameworksBuildPhase section */
		72B426B9243899D2006A61CC /* Frameworks */ = {
			isa = PBXFrameworksBuildPhase;
			buildActionMask = 2147483647;
			files = (
				72663DC62438D7C500F14EFD /* RealmSwift.framework in Frameworks */,
				72663DC42438D7C500F14EFD /* Realm.framework in Frameworks */,
			);
			runOnlyForDeploymentPostprocessing = 0;
		};
/* End PBXFrameworksBuildPhase section */

/* Begin PBXGroup section */
		72663DC12438D7C500F14EFD /* Frameworks */ = {
			isa = PBXGroup;
			children = (
				72663DC22438D7C500F14EFD /* Realm.framework */,
				72663DC32438D7C500F14EFD /* RealmSwift.framework */,
			);
			name = Frameworks;
			sourceTree = "<group>";
		};
		72663DCA2438D80500F14EFD /* Managers */ = {
			isa = PBXGroup;
			children = (
				72663DCB2438D81000F14EFD /* DBManager.swift */,
			);
			path = Managers;
			sourceTree = "<group>";
		};
		72B426B3243899D2006A61CC = {
			isa = PBXGroup;
			children = (
				72B426BE243899D2006A61CC /* EasyFinance */,
				72B426BD243899D2006A61CC /* Products */,
				72663DC12438D7C500F14EFD /* Frameworks */,
			);
			sourceTree = "<group>";
		};
		72B426BD243899D2006A61CC /* Products */ = {
			isa = PBXGroup;
			children = (
				72B426BC243899D2006A61CC /* EasyFinance.app */,
			);
			name = Products;
			sourceTree = "<group>";
		};
		72B426BE243899D2006A61CC /* EasyFinance */ = {
			isa = PBXGroup;
			children = (
				72663DCA2438D80500F14EFD /* Managers */,
				72B426DF2438A221006A61CC /* DataProvider */,
				72B426D624389B03006A61CC /* SupportingFiles */,
				72B426D524389AF9006A61CC /* ViewModel */,
				72B426D424389AF3006A61CC /* View */,
				72B426D324389AE9006A61CC /* Model */,
			);
			path = EasyFinance;
			sourceTree = "<group>";
		};
		72B426D324389AE9006A61CC /* Model */ = {
			isa = PBXGroup;
			children = (
				72B426D724389D58006A61CC /* Expence.swift */,
				72B426D924389DD3006A61CC /* Category.swift */,
				72B426DB24389E17006A61CC /* Income.swift */,
				72192129243A767800743B2D /* Balance.swift */,
			);
			path = Model;
			sourceTree = "<group>";
		};
		72B426D424389AF3006A61CC /* View */ = {
			isa = PBXGroup;
			children = (
				72B426C5243899D2006A61CC /* Main.storyboard */,
				72B426C3243899D2006A61CC /* IncomeViewController.swift */,
				72B426E52438A693006A61CC /* IncomeTableViewCell.swift */,
				72B426E92438AE50006A61CC /* AddButton.swift */,
				72811FE82439260B008C2E34 /* CategoryViewController.swift */,
				72811FEE2439277E008C2E34 /* CategoryTableViewCell.swift */,
				72A75EF22439F59E00788986 /* TabBarController.swift */,
				72A75EF6243A074200788986 /* ExpenceViewController.swift */,
				72A75EF8243A075000788986 /* ExpenceTableViewCell.swift */,
			);
			path = View;
			sourceTree = "<group>";
		};
		72B426D524389AF9006A61CC /* ViewModel */ = {
			isa = PBXGroup;
			children = (
				72B426E22438A344006A61CC /* IncomeViewModel.swift */,
				72811FEC24392683008C2E34 /* CategoryViewModel.swift */,
				72A75EFA243A095300788986 /* ExpenceViewModel.swift */,
			);
			path = ViewModel;
			sourceTree = "<group>";
		};
		72B426D624389B03006A61CC /* SupportingFiles */ = {
			isa = PBXGroup;
			children = (
				72B426BF243899D2006A61CC /* AppDelegate.swift */,
				72B426C1243899D2006A61CC /* SceneDelegate.swift */,
				72B426C8243899D3006A61CC /* Assets.xcassets */,
				72B426CA243899D3006A61CC /* LaunchScreen.storyboard */,
				72B426CD243899D3006A61CC /* Info.plist */,
				72B426E72438A83E006A61CC /* FormatHelper.swift */,
			);
			path = SupportingFiles;
			sourceTree = "<group>";
		};
		72B426DF2438A221006A61CC /* DataProvider */ = {
			isa = PBXGroup;
			children = (
				72B426E02438A22F006A61CC /* IncomeDataProvider.swift */,
				72811FEA24392626008C2E34 /* CategoryDataProvider.swift */,
				72A75EF4243A070600788986 /* ExpenceDataProvider.swift */,
			);
			path = DataProvider;
			sourceTree = "<group>";
		};
/* End PBXGroup section */

/* Begin PBXNativeTarget section */
		72B426BB243899D2006A61CC /* EasyFinance */ = {
			isa = PBXNativeTarget;
			buildConfigurationList = 72B426D0243899D3006A61CC /* Build configuration list for PBXNativeTarget "EasyFinance" */;
			buildPhases = (
				72B426B8243899D2006A61CC /* Sources */,
				72B426B9243899D2006A61CC /* Frameworks */,
				72B426BA243899D2006A61CC /* Resources */,
				72663DC82438D7C500F14EFD /* Embed Frameworks */,
				72663DC92438D7CC00F14EFD /* ShellScript */,
			);
			buildRules = (
			);
			dependencies = (
			);
			name = EasyFinance;
			productName = EasyFinance;
			productReference = 72B426BC243899D2006A61CC /* EasyFinance.app */;
			productType = "com.apple.product-type.application";
		};
/* End PBXNativeTarget section */

/* Begin PBXProject section */
		72B426B4243899D2006A61CC /* Project object */ = {
			isa = PBXProject;
			attributes = {
				LastSwiftUpdateCheck = 1140;
				LastUpgradeCheck = 1140;
				ORGANIZATIONNAME = "Nikita Gundorin";
				TargetAttributes = {
					72B426BB243899D2006A61CC = {
						CreatedOnToolsVersion = 11.4;
					};
				};
			};
			buildConfigurationList = 72B426B7243899D2006A61CC /* Build configuration list for PBXProject "EasyFinance" */;
			compatibilityVersion = "Xcode 9.3";
			developmentRegion = en;
			hasScannedForEncodings = 0;
			knownRegions = (
				en,
				Base,
			);
			mainGroup = 72B426B3243899D2006A61CC;
			productRefGroup = 72B426BD243899D2006A61CC /* Products */;
			projectDirPath = "";
			projectRoot = "";
			targets = (
				72B426BB243899D2006A61CC /* EasyFinance */,
			);
		};
/* End PBXProject section */

/* Begin PBXResourcesBuildPhase section */
		72B426BA243899D2006A61CC /* Resources */ = {
			isa = PBXResourcesBuildPhase;
			buildActionMask = 2147483647;
			files = (
				72B426CC243899D3006A61CC /* LaunchScreen.storyboard in Resources */,
				72B426C9243899D3006A61CC /* Assets.xcassets in Resources */,
				72B426C7243899D2006A61CC /* Main.storyboard in Resources */,
			);
			runOnlyForDeploymentPostprocessing = 0;
		};
/* End PBXResourcesBuildPhase section */

/* Begin PBXShellScriptBuildPhase section */
		72663DC92438D7CC00F14EFD /* ShellScript */ = {
			isa = PBXShellScriptBuildPhase;
			buildActionMask = 2147483647;
			files = (
			);
			inputFileListPaths = (
			);
			inputPaths = (
				"$(SRCROOT)/Carthage/Build/iOS/Realm.framework",
				"$(SRCROOT)/Carthage/Build/iOS/RealmSwift.framework",
			);
			outputFileListPaths = (
			);
			outputPaths = (
			);
			runOnlyForDeploymentPostprocessing = 0;
			shellPath = /bin/sh;
			shellScript = "/usr/local/bin/carthage copy-frameworks\n";
		};
/* End PBXShellScriptBuildPhase section */

/* Begin PBXSourcesBuildPhase section */
		72B426B8243899D2006A61CC /* Sources */ = {
			isa = PBXSourcesBuildPhase;
			buildActionMask = 2147483647;
			files = (
				72B426E32438A344006A61CC /* IncomeViewModel.swift in Sources */,
				72A75EF9243A075000788986 /* ExpenceTableViewCell.swift in Sources */,
				72B426D824389D58006A61CC /* Expence.swift in Sources */,
				72811FE92439260B008C2E34 /* CategoryViewController.swift in Sources */,
				72A75EF32439F59E00788986 /* TabBarController.swift in Sources */,
				72B426E62438A693006A61CC /* IncomeTableViewCell.swift in Sources */,
				72663DCC2438D81000F14EFD /* DBManager.swift in Sources */,
				72B426EA2438AE50006A61CC /* AddButton.swift in Sources */,
				72B426DA24389DD3006A61CC /* Category.swift in Sources */,
				72A75EF5243A070600788986 /* ExpenceDataProvider.swift in Sources */,
				72B426C4243899D2006A61CC /* IncomeViewController.swift in Sources */,
				72B426E12438A22F006A61CC /* IncomeDataProvider.swift in Sources */,
				72B426C0243899D2006A61CC /* AppDelegate.swift in Sources */,
				72B426E82438A83E006A61CC /* FormatHelper.swift in Sources */,
				72A75EF7243A074200788986 /* ExpenceViewController.swift in Sources */,
				72B426DC24389E17006A61CC /* Income.swift in Sources */,
				72811FED24392683008C2E34 /* CategoryViewModel.swift in Sources */,
				72B426C2243899D2006A61CC /* SceneDelegate.swift in Sources */,
				7219212A243A767800743B2D /* Balance.swift in Sources */,
				72A75EFB243A095300788986 /* ExpenceViewModel.swift in Sources */,
				72811FEB24392626008C2E34 /* CategoryDataProvider.swift in Sources */,
				72811FEF2439277E008C2E34 /* CategoryTableViewCell.swift in Sources */,
			);
			runOnlyForDeploymentPostprocessing = 0;
		};
/* End PBXSourcesBuildPhase section */

/* Begin PBXVariantGroup section */
		72B426C5243899D2006A61CC /* Main.storyboard */ = {
			isa = PBXVariantGroup;
			children = (
				72B426C6243899D2006A61CC /* Base */,
			);
			name = Main.storyboard;
			sourceTree = "<group>";
		};
		72B426CA243899D3006A61CC /* LaunchScreen.storyboard */ = {
			isa = PBXVariantGroup;
			children = (
				72B426CB243899D3006A61CC /* Base */,
			);
			name = LaunchScreen.storyboard;
			sourceTree = "<group>";
		};
/* End PBXVariantGroup section */

/* Begin XCBuildConfiguration section */
		72B426CE243899D3006A61CC /* Debug */ = {
			isa = XCBuildConfiguration;
			buildSettings = {
				ALWAYS_SEARCH_USER_PATHS = NO;
				CLANG_ANALYZER_NONNULL = YES;
				CLANG_ANALYZER_NUMBER_OBJECT_CONVERSION = YES_AGGRESSIVE;
				CLANG_CXX_LANGUAGE_STANDARD = "gnu++14";
				CLANG_CXX_LIBRARY = "libc++";
				CLANG_ENABLE_MODULES = YES;
				CLANG_ENABLE_OBJC_ARC = YES;
				CLANG_ENABLE_OBJC_WEAK = YES;
				CLANG_WARN_BLOCK_CAPTURE_AUTORELEASING = YES;
				CLANG_WARN_BOOL_CONVERSION = YES;
				CLANG_WARN_COMMA = YES;
				CLANG_WARN_CONSTANT_CONVERSION = YES;
				CLANG_WARN_DEPRECATED_OBJC_IMPLEMENTATIONS = YES;
				CLANG_WARN_DIRECT_OBJC_ISA_USAGE = YES_ERROR;
				CLANG_WARN_DOCUMENTATION_COMMENTS = YES;
				CLANG_WARN_EMPTY_BODY = YES;
				CLANG_WARN_ENUM_CONVERSION = YES;
				CLANG_WARN_INFINITE_RECURSION = YES;
				CLANG_WARN_INT_CONVERSION = YES;
				CLANG_WARN_NON_LITERAL_NULL_CONVERSION = YES;
				CLANG_WARN_OBJC_IMPLICIT_RETAIN_SELF = YES;
				CLANG_WARN_OBJC_LITERAL_CONVERSION = YES;
				CLANG_WARN_OBJC_ROOT_CLASS = YES_ERROR;
				CLANG_WARN_RANGE_LOOP_ANALYSIS = YES;
				CLANG_WARN_STRICT_PROTOTYPES = YES;
				CLANG_WARN_SUSPICIOUS_MOVE = YES;
				CLANG_WARN_UNGUARDED_AVAILABILITY = YES_AGGRESSIVE;
				CLANG_WARN_UNREACHABLE_CODE = YES;
				CLANG_WARN__DUPLICATE_METHOD_MATCH = YES;
				COPY_PHASE_STRIP = NO;
				DEBUG_INFORMATION_FORMAT = dwarf;
				ENABLE_STRICT_OBJC_MSGSEND = YES;
				ENABLE_TESTABILITY = YES;
				GCC_C_LANGUAGE_STANDARD = gnu11;
				GCC_DYNAMIC_NO_PIC = NO;
				GCC_NO_COMMON_BLOCKS = YES;
				GCC_OPTIMIZATION_LEVEL = 0;
				GCC_PREPROCESSOR_DEFINITIONS = (
					"DEBUG=1",
					"$(inherited)",
				);
				GCC_WARN_64_TO_32_BIT_CONVERSION = YES;
				GCC_WARN_ABOUT_RETURN_TYPE = YES_ERROR;
				GCC_WARN_UNDECLARED_SELECTOR = YES;
				GCC_WARN_UNINITIALIZED_AUTOS = YES_AGGRESSIVE;
				GCC_WARN_UNUSED_FUNCTION = YES;
				GCC_WARN_UNUSED_VARIABLE = YES;
				INFOPLIST_FILE = EasyFinance/EasyFinance/SupportingFiles/Info.plist;
				IPHONEOS_DEPLOYMENT_TARGET = 13.0;
				MTL_ENABLE_DEBUG_INFO = INCLUDE_SOURCE;
				MTL_FAST_MATH = YES;
				ONLY_ACTIVE_ARCH = YES;
				SDKROOT = iphoneos;
				SWIFT_ACTIVE_COMPILATION_CONDITIONS = DEBUG;
				SWIFT_OPTIMIZATION_LEVEL = "-Onone";
			};
			name = Debug;
		};
		72B426CF243899D3006A61CC /* Release */ = {
			isa = XCBuildConfiguration;
			buildSettings = {
				ALWAYS_SEARCH_USER_PATHS = NO;
				CLANG_ANALYZER_NONNULL = YES;
				CLANG_ANALYZER_NUMBER_OBJECT_CONVERSION = YES_AGGRESSIVE;
				CLANG_CXX_LANGUAGE_STANDARD = "gnu++14";
				CLANG_CXX_LIBRARY = "libc++";
				CLANG_ENABLE_MODULES = YES;
				CLANG_ENABLE_OBJC_ARC = YES;
				CLANG_ENABLE_OBJC_WEAK = YES;
				CLANG_WARN_BLOCK_CAPTURE_AUTORELEASING = YES;
				CLANG_WARN_BOOL_CONVERSION = YES;
				CLANG_WARN_COMMA = YES;
				CLANG_WARN_CONSTANT_CONVERSION = YES;
				CLANG_WARN_DEPRECATED_OBJC_IMPLEMENTATIONS = YES;
				CLANG_WARN_DIRECT_OBJC_ISA_USAGE = YES_ERROR;
				CLANG_WARN_DOCUMENTATION_COMMENTS = YES;
				CLANG_WARN_EMPTY_BODY = YES;
				CLANG_WARN_ENUM_CONVERSION = YES;
				CLANG_WARN_INFINITE_RECURSION = YES;
				CLANG_WARN_INT_CONVERSION = YES;
				CLANG_WARN_NON_LITERAL_NULL_CONVERSION = YES;
				CLANG_WARN_OBJC_IMPLICIT_RETAIN_SELF = YES;
				CLANG_WARN_OBJC_LITERAL_CONVERSION = YES;
				CLANG_WARN_OBJC_ROOT_CLASS = YES_ERROR;
				CLANG_WARN_RANGE_LOOP_ANALYSIS = YES;
				CLANG_WARN_STRICT_PROTOTYPES = YES;
				CLANG_WARN_SUSPICIOUS_MOVE = YES;
				CLANG_WARN_UNGUARDED_AVAILABILITY = YES_AGGRESSIVE;
				CLANG_WARN_UNREACHABLE_CODE = YES;
				CLANG_WARN__DUPLICATE_METHOD_MATCH = YES;
				COPY_PHASE_STRIP = NO;
				DEBUG_INFORMATION_FORMAT = "dwarf-with-dsym";
				ENABLE_NS_ASSERTIONS = NO;
				ENABLE_STRICT_OBJC_MSGSEND = YES;
				GCC_C_LANGUAGE_STANDARD = gnu11;
				GCC_NO_COMMON_BLOCKS = YES;
				GCC_WARN_64_TO_32_BIT_CONVERSION = YES;
				GCC_WARN_ABOUT_RETURN_TYPE = YES_ERROR;
				GCC_WARN_UNDECLARED_SELECTOR = YES;
				GCC_WARN_UNINITIALIZED_AUTOS = YES_AGGRESSIVE;
				GCC_WARN_UNUSED_FUNCTION = YES;
				GCC_WARN_UNUSED_VARIABLE = YES;
				INFOPLIST_FILE = EasyFinance/EasyFinance/SupportingFiles/Info.plist;
				IPHONEOS_DEPLOYMENT_TARGET = 13.0;
				MTL_ENABLE_DEBUG_INFO = NO;
				MTL_FAST_MATH = YES;
				SDKROOT = iphoneos;
				SWIFT_COMPILATION_MODE = wholemodule;
				SWIFT_OPTIMIZATION_LEVEL = "-O";
				VALIDATE_PRODUCT = YES;
			};
			name = Release;
		};
		72B426D1243899D3006A61CC /* Debug */ = {
			isa = XCBuildConfiguration;
			buildSettings = {
				ASSETCATALOG_COMPILER_APPICON_NAME = AppIcon;
				CODE_SIGN_STYLE = Automatic;
				DEVELOPMENT_TEAM = T6696YN386;
				FRAMEWORK_SEARCH_PATHS = (
					"$(inherited)",
					"$(PROJECT_DIR)/Carthage/Build/iOS",
				);
				INFOPLIST_FILE = EasyFinance/SupportingFiles/Info.plist;
				IPHONEOS_DEPLOYMENT_TARGET = 13.0;
				LD_RUNPATH_SEARCH_PATHS = (
					"$(inherited)",
					"@executable_path/Frameworks",
				);
				PRODUCT_BUNDLE_IDENTIFIER = nikitagundorin.EasyFinance;
				PRODUCT_NAME = "$(TARGET_NAME)";
				SWIFT_VERSION = 5.0;
				TARGETED_DEVICE_FAMILY = 1;
			};
			name = Debug;
		};
		72B426D2243899D3006A61CC /* Release */ = {
			isa = XCBuildConfiguration;
			buildSettings = {
				ASSETCATALOG_COMPILER_APPICON_NAME = AppIcon;
				CODE_SIGN_STYLE = Automatic;
				DEVELOPMENT_TEAM = T6696YN386;
				FRAMEWORK_SEARCH_PATHS = (
					"$(inherited)",
					"$(PROJECT_DIR)/Carthage/Build/iOS",
				);
				INFOPLIST_FILE = EasyFinance/SupportingFiles/Info.plist;
				IPHONEOS_DEPLOYMENT_TARGET = 13.0;
				LD_RUNPATH_SEARCH_PATHS = (
					"$(inherited)",
					"@executable_path/Frameworks",
				);
				PRODUCT_BUNDLE_IDENTIFIER = nikitagundorin.EasyFinance;
				PRODUCT_NAME = "$(TARGET_NAME)";
				SWIFT_VERSION = 5.0;
				TARGETED_DEVICE_FAMILY = 1;
			};
			name = Release;
		};
/* End XCBuildConfiguration section */

/* Begin XCConfigurationList section */
		72B426B7243899D2006A61CC /* Build configuration list for PBXProject "EasyFinance" */ = {
			isa = XCConfigurationList;
			buildConfigurations = (
				72B426CE243899D3006A61CC /* Debug */,
				72B426CF243899D3006A61CC /* Release */,
			);
			defaultConfigurationIsVisible = 0;
			defaultConfigurationName = Release;
		};
		72B426D0243899D3006A61CC /* Build configuration list for PBXNativeTarget "EasyFinance" */ = {
			isa = XCConfigurationList;
			buildConfigurations = (
				72B426D1243899D3006A61CC /* Debug */,
				72B426D2243899D3006A61CC /* Release */,
			);
			defaultConfigurationIsVisible = 0;
			defaultConfigurationName = Release;
		};
/* End XCConfigurationList section */
	};
	rootObject = 72B426B4243899D2006A61CC /* Project object */;
}
